// !$*UTF8*$!
{
	archiveVersion = 1;
	classes = {
	};
	objectVersion = 46;
	objects = {

/* Begin PBXBuildFile section */
		9204C1F21A6B458200A0123C /* NSString+Utils.m in Sources */ = {isa = PBXBuildFile; fileRef = 9204C1F11A6B458200A0123C /* NSString+Utils.m */; };
		9204EF681A4C397300B8C29C /* HelpTextViewController.m in Sources */ = {isa = PBXBuildFile; fileRef = 9204EF671A4C397300B8C29C /* HelpTextViewController.m */; };
		9204EF6A1A4C430300B8C29C /* manual.html in Resources */ = {isa = PBXBuildFile; fileRef = 9204EF691A4C430300B8C29C /* manual.html */; };
		920822031A4DABB8005B7862 /* HelpContent.m in Sources */ = {isa = PBXBuildFile; fileRef = 920822021A4DABB8005B7862 /* HelpContent.m */; };
		920E681D1AB731620038994A /* CoachMarkView.m in Sources */ = {isa = PBXBuildFile; fileRef = 920E681C1AB731620038994A /* CoachMarkView.m */; };
		920E681F1AB7317E0038994A /* CoachMarkView.xib in Resources */ = {isa = PBXBuildFile; fileRef = 920E681E1AB7317E0038994A /* CoachMarkView.xib */; };
		920E68221AB74CDA0038994A /* SplashViewController.m in Sources */ = {isa = PBXBuildFile; fileRef = 920E68211AB74CDA0038994A /* SplashViewController.m */; };
		921B234C1A9E3DA800C45AFA /* EditorTextView.m in Sources */ = {isa = PBXBuildFile; fileRef = 921B234B1A9E3DA800C45AFA /* EditorTextView.m */; };
		921DA0E31AA1EE6700816B26 /* WebViewController.m in Sources */ = {isa = PBXBuildFile; fileRef = 921DA0E21AA1EE6700816B26 /* WebViewController.m */; };
		921DA0E51AA1F87700816B26 /* error.html in Resources */ = {isa = PBXBuildFile; fileRef = 921DA0E41AA1F87700816B26 /* error.html */; };
		922A77461AA46CCB004EE2CA /* Project.m in Sources */ = {isa = PBXBuildFile; fileRef = 922A77451AA46CCB004EE2CA /* Project.m */; };
		9231159F1A444A6B00624201 /* RendererView.m in Sources */ = {isa = PBXBuildFile; fileRef = 9231159E1A444A6B00624201 /* RendererView.m */; };
		923115A21A444AA800624201 /* Renderer.m in Sources */ = {isa = PBXBuildFile; fileRef = 923115A11A444AA800624201 /* Renderer.m */; };
		9248A6B01A7A641D00FD5656 /* Default Projects in Resources */ = {isa = PBXBuildFile; fileRef = 9248A6AF1A7A641D00FD5656 /* Default Projects */; };
		924CC0FE1A220B3C00D2AF68 /* Runner.m in Sources */ = {isa = PBXBuildFile; fileRef = 924CC0FD1A220B3C00D2AF68 /* Runner.m */; };
		92509CCA1A28F99D0086E7E3 /* ExplorerViewController.m in Sources */ = {isa = PBXBuildFile; fileRef = 92509CC91A28F99D0086E7E3 /* ExplorerViewController.m */; };
		925A01A91A1E67F900A321E6 /* Parser.m in Sources */ = {isa = PBXBuildFile; fileRef = 925A01A81A1E67F900A321E6 /* Parser.m */; };
		926086321A5E8560006C5523 /* Runnable.m in Sources */ = {isa = PBXBuildFile; fileRef = 926086311A5E8560006C5523 /* Runnable.m */; };
		9267E87F1A5AF61B00D08C42 /* AFHTTPRequestOperation.m in Sources */ = {isa = PBXBuildFile; fileRef = 9267E86D1A5AF61B00D08C42 /* AFHTTPRequestOperation.m */; };
		9267E8801A5AF61B00D08C42 /* AFHTTPRequestOperationManager.m in Sources */ = {isa = PBXBuildFile; fileRef = 9267E86F1A5AF61B00D08C42 /* AFHTTPRequestOperationManager.m */; };
		9267E8811A5AF61B00D08C42 /* AFHTTPSessionManager.m in Sources */ = {isa = PBXBuildFile; fileRef = 9267E8711A5AF61B00D08C42 /* AFHTTPSessionManager.m */; };
		9267E8821A5AF61B00D08C42 /* AFNetworkReachabilityManager.m in Sources */ = {isa = PBXBuildFile; fileRef = 9267E8741A5AF61B00D08C42 /* AFNetworkReachabilityManager.m */; };
		9267E8831A5AF61B00D08C42 /* AFSecurityPolicy.m in Sources */ = {isa = PBXBuildFile; fileRef = 9267E8761A5AF61B00D08C42 /* AFSecurityPolicy.m */; };
		9267E8841A5AF61B00D08C42 /* AFURLConnectionOperation.m in Sources */ = {isa = PBXBuildFile; fileRef = 9267E8781A5AF61B00D08C42 /* AFURLConnectionOperation.m */; };
		9267E8851A5AF61B00D08C42 /* AFURLRequestSerialization.m in Sources */ = {isa = PBXBuildFile; fileRef = 9267E87A1A5AF61B00D08C42 /* AFURLRequestSerialization.m */; };
		9267E8861A5AF61B00D08C42 /* AFURLResponseSerialization.m in Sources */ = {isa = PBXBuildFile; fileRef = 9267E87C1A5AF61B00D08C42 /* AFURLResponseSerialization.m */; };
		9267E8871A5AF61B00D08C42 /* AFURLSessionManager.m in Sources */ = {isa = PBXBuildFile; fileRef = 9267E87E1A5AF61B00D08C42 /* AFURLSessionManager.m */; };
		926864211AA5E50900F305B9 /* StoreKit.framework in Frameworks */ = {isa = PBXBuildFile; fileRef = 926864201AA5E50900F305B9 /* StoreKit.framework */; };
		926864241AA607A000F305B9 /* UpgradeViewController.m in Sources */ = {isa = PBXBuildFile; fileRef = 926864231AA607A000F305B9 /* UpgradeViewController.m */; };
		926864271AA6087300F305B9 /* AppController.m in Sources */ = {isa = PBXBuildFile; fileRef = 926864261AA6087300F305B9 /* AppController.m */; };
		926C72C71A2B579E00448EAB /* RunnerViewController.m in Sources */ = {isa = PBXBuildFile; fileRef = 926C72C61A2B579E00448EAB /* RunnerViewController.m */; };
		9272C1491A1DE2D000E97957 /* Token.m in Sources */ = {isa = PBXBuildFile; fileRef = 9272C1481A1DE2D000E97957 /* Token.m */; };
		927334981A2A456900C89AF0 /* Help.storyboard in Resources */ = {isa = PBXBuildFile; fileRef = 927334971A2A456900C89AF0 /* Help.storyboard */; };
		9273349D1A2A478700C89AF0 /* HelpTableViewController.m in Sources */ = {isa = PBXBuildFile; fileRef = 9273349C1A2A478700C89AF0 /* HelpTableViewController.m */; };
		927334A01A2A499B00C89AF0 /* ModelManager.m in Sources */ = {isa = PBXBuildFile; fileRef = 9273349F1A2A499B00C89AF0 /* ModelManager.m */; };
		9276F38F1A1D289C0060E909 /* main.m in Sources */ = {isa = PBXBuildFile; fileRef = 9276F38E1A1D289C0060E909 /* main.m */; };
		9276F3921A1D289C0060E909 /* AppDelegate.m in Sources */ = {isa = PBXBuildFile; fileRef = 9276F3911A1D289C0060E909 /* AppDelegate.m */; };
		9276F3951A1D289C0060E909 /* EditorViewController.m in Sources */ = {isa = PBXBuildFile; fileRef = 9276F3941A1D289C0060E909 /* EditorViewController.m */; };
		9276F3981A1D289C0060E909 /* Main.storyboard in Resources */ = {isa = PBXBuildFile; fileRef = 9276F3961A1D289C0060E909 /* Main.storyboard */; };
		9276F39A1A1D289C0060E909 /* Images.xcassets in Resources */ = {isa = PBXBuildFile; fileRef = 9276F3991A1D289C0060E909 /* Images.xcassets */; };
		9276F39D1A1D289C0060E909 /* LaunchScreen.xib in Resources */ = {isa = PBXBuildFile; fileRef = 9276F39B1A1D289C0060E909 /* LaunchScreen.xib */; };
		9276F3A91A1D289C0060E909 /* PixelsTests.m in Sources */ = {isa = PBXBuildFile; fileRef = 9276F3A81A1D289C0060E909 /* PixelsTests.m */; };
		9276F3B41A1D29BF0060E909 /* Scanner.m in Sources */ = {isa = PBXBuildFile; fileRef = 9276F3B31A1D29BF0060E909 /* Scanner.m */; };
		928FB8991A5C804200EA377F /* GORSeparatorView.m in Sources */ = {isa = PBXBuildFile; fileRef = 928FB8981A5C804200EA377F /* GORSeparatorView.m */; };
		929797FD1A50956900DB5D70 /* PublishActivity.m in Sources */ = {isa = PBXBuildFile; fileRef = 929797FC1A50956900DB5D70 /* PublishActivity.m */; };
		92A0EC0D1A56DA1F0051D74C /* Model.xcdatamodeld in Sources */ = {isa = PBXBuildFile; fileRef = 92A0EC0B1A56DA1F0051D74C /* Model.xcdatamodeld */; };
		92B7A5331AA8C71000B6CA81 /* AudioPlayer.m in Sources */ = {isa = PBXBuildFile; fileRef = 92B7A5321AA8C71000B6CA81 /* AudioPlayer.m */; };
		92C98F3F1A20CFD900215AE9 /* ProgramException.m in Sources */ = {isa = PBXBuildFile; fileRef = 92C98F3E1A20CFD900215AE9 /* ProgramException.m */; };
		92C98F421A20F2F000215AE9 /* Node.m in Sources */ = {isa = PBXBuildFile; fileRef = 92C98F411A20F2F000215AE9 /* Node.m */; };
		92D518B91A6975C10000F917 /* AboutViewController.m in Sources */ = {isa = PBXBuildFile; fileRef = 92D518B81A6975C10000F917 /* AboutViewController.m */; };
		92E2B8AA1A52F08D00D0DF29 /* ActivityItemSource.m in Sources */ = {isa = PBXBuildFile; fileRef = 92E2B8A91A52F08D00D0DF29 /* ActivityItemSource.m */; };
		92E53DF41A5B3A1D00FE9F91 /* GORMenuTableViewController.m in Sources */ = {isa = PBXBuildFile; fileRef = 92E53DED1A5B3A1D00FE9F91 /* GORMenuTableViewController.m */; };
		92E53DF51A5B3A1D00FE9F91 /* GORScrollViewDelegate.m in Sources */ = {isa = PBXBuildFile; fileRef = 92E53DEF1A5B3A1D00FE9F91 /* GORScrollViewDelegate.m */; };
		92E53DF61A5B3A1D00FE9F91 /* GORTableViewController.m in Sources */ = {isa = PBXBuildFile; fileRef = 92E53DF11A5B3A1D00FE9F91 /* GORTableViewController.m */; };
		92E53DF71A5B3A1D00FE9F91 /* GORTextView.m in Sources */ = {isa = PBXBuildFile; fileRef = 92E53DF31A5B3A1D00FE9F91 /* GORTextView.m */; };
		92E53DFA1A5B3AC200FE9F91 /* ShareViewController.m in Sources */ = {isa = PBXBuildFile; fileRef = 92E53DF91A5B3AC200FE9F91 /* ShareViewController.m */; };
		92EDC4421A54701D007824A5 /* Gamepad.m in Sources */ = {isa = PBXBuildFile; fileRef = 92EDC4411A54701D007824A5 /* Gamepad.m */; };
/* End PBXBuildFile section */

/* Begin PBXContainerItemProxy section */
		9276F3A31A1D289C0060E909 /* PBXContainerItemProxy */ = {
			isa = PBXContainerItemProxy;
			containerPortal = 9276F3811A1D289C0060E909 /* Project object */;
			proxyType = 1;
			remoteGlobalIDString = 9276F3881A1D289C0060E909;
			remoteInfo = Pixels;
		};
/* End PBXContainerItemProxy section */

/* Begin PBXFileReference section */
		9204C1F01A6B458200A0123C /* NSString+Utils.h */ = {isa = PBXFileReference; fileEncoding = 4; lastKnownFileType = sourcecode.c.h; name = "NSString+Utils.h"; path = "Class Utils/NSString+Utils.h"; sourceTree = "<group>"; };
		9204C1F11A6B458200A0123C /* NSString+Utils.m */ = {isa = PBXFileReference; fileEncoding = 4; lastKnownFileType = sourcecode.c.objc; name = "NSString+Utils.m"; path = "Class Utils/NSString+Utils.m"; sourceTree = "<group>"; };
		9204EF661A4C397300B8C29C /* HelpTextViewController.h */ = {isa = PBXFileReference; fileEncoding = 4; lastKnownFileType = sourcecode.c.h; path = HelpTextViewController.h; sourceTree = "<group>"; };
		9204EF671A4C397300B8C29C /* HelpTextViewController.m */ = {isa = PBXFileReference; fileEncoding = 4; lastKnownFileType = sourcecode.c.objc; path = HelpTextViewController.m; sourceTree = "<group>"; };
		9204EF691A4C430300B8C29C /* manual.html */ = {isa = PBXFileReference; fileEncoding = 4; lastKnownFileType = text.html; path = manual.html; sourceTree = "<group>"; };
		920822011A4DABB8005B7862 /* HelpContent.h */ = {isa = PBXFileReference; fileEncoding = 4; lastKnownFileType = sourcecode.c.h; path = HelpContent.h; sourceTree = "<group>"; };
		920822021A4DABB8005B7862 /* HelpContent.m */ = {isa = PBXFileReference; fileEncoding = 4; lastKnownFileType = sourcecode.c.objc; path = HelpContent.m; sourceTree = "<group>"; };
		920E681B1AB731620038994A /* CoachMarkView.h */ = {isa = PBXFileReference; fileEncoding = 4; lastKnownFileType = sourcecode.c.h; path = CoachMarkView.h; sourceTree = "<group>"; };
		920E681C1AB731620038994A /* CoachMarkView.m */ = {isa = PBXFileReference; fileEncoding = 4; lastKnownFileType = sourcecode.c.objc; path = CoachMarkView.m; sourceTree = "<group>"; };
		920E681E1AB7317E0038994A /* CoachMarkView.xib */ = {isa = PBXFileReference; fileEncoding = 4; lastKnownFileType = file.xib; path = CoachMarkView.xib; sourceTree = "<group>"; };
		920E68201AB74CDA0038994A /* SplashViewController.h */ = {isa = PBXFileReference; fileEncoding = 4; lastKnownFileType = sourcecode.c.h; path = SplashViewController.h; sourceTree = "<group>"; };
		920E68211AB74CDA0038994A /* SplashViewController.m */ = {isa = PBXFileReference; fileEncoding = 4; lastKnownFileType = sourcecode.c.objc; path = SplashViewController.m; sourceTree = "<group>"; };
		921B234A1A9E3DA800C45AFA /* EditorTextView.h */ = {isa = PBXFileReference; fileEncoding = 4; lastKnownFileType = sourcecode.c.h; path = EditorTextView.h; sourceTree = "<group>"; };
		921B234B1A9E3DA800C45AFA /* EditorTextView.m */ = {isa = PBXFileReference; fileEncoding = 4; lastKnownFileType = sourcecode.c.objc; path = EditorTextView.m; sourceTree = "<group>"; };
		921DA0E11AA1EE6700816B26 /* WebViewController.h */ = {isa = PBXFileReference; fileEncoding = 4; lastKnownFileType = sourcecode.c.h; path = WebViewController.h; sourceTree = "<group>"; };
		921DA0E21AA1EE6700816B26 /* WebViewController.m */ = {isa = PBXFileReference; fileEncoding = 4; lastKnownFileType = sourcecode.c.objc; path = WebViewController.m; sourceTree = "<group>"; };
		921DA0E41AA1F87700816B26 /* error.html */ = {isa = PBXFileReference; fileEncoding = 4; lastKnownFileType = text.html; path = error.html; sourceTree = "<group>"; };
		922A77441AA46CCB004EE2CA /* Project.h */ = {isa = PBXFileReference; fileEncoding = 4; lastKnownFileType = sourcecode.c.h; path = Project.h; sourceTree = "<group>"; };
		922A77451AA46CCB004EE2CA /* Project.m */ = {isa = PBXFileReference; fileEncoding = 4; lastKnownFileType = sourcecode.c.objc; path = Project.m; sourceTree = "<group>"; };
		9231159D1A444A6B00624201 /* RendererView.h */ = {isa = PBXFileReference; fileEncoding = 4; lastKnownFileType = sourcecode.c.h; path = RendererView.h; sourceTree = "<group>"; };
		9231159E1A444A6B00624201 /* RendererView.m */ = {isa = PBXFileReference; fileEncoding = 4; lastKnownFileType = sourcecode.c.objc; path = RendererView.m; sourceTree = "<group>"; };
		923115A01A444AA800624201 /* Renderer.h */ = {isa = PBXFileReference; fileEncoding = 4; lastKnownFileType = sourcecode.c.h; path = Renderer.h; sourceTree = "<group>"; };
		923115A11A444AA800624201 /* Renderer.m */ = {isa = PBXFileReference; fileEncoding = 4; lastKnownFileType = sourcecode.c.objc; path = Renderer.m; sourceTree = "<group>"; };
		9248A6AF1A7A641D00FD5656 /* Default Projects */ = {isa = PBXFileReference; lastKnownFileType = folder; path = "Default Projects"; sourceTree = "<group>"; };
		924CC0FC1A220B3C00D2AF68 /* Runner.h */ = {isa = PBXFileReference; fileEncoding = 4; lastKnownFileType = sourcecode.c.h; path = Runner.h; sourceTree = "<group>"; };
		924CC0FD1A220B3C00D2AF68 /* Runner.m */ = {isa = PBXFileReference; fileEncoding = 4; lastKnownFileType = sourcecode.c.objc; path = Runner.m; sourceTree = "<group>"; };
		92509CC81A28F99D0086E7E3 /* ExplorerViewController.h */ = {isa = PBXFileReference; fileEncoding = 4; lastKnownFileType = sourcecode.c.h; path = ExplorerViewController.h; sourceTree = "<group>"; };
		92509CC91A28F99D0086E7E3 /* ExplorerViewController.m */ = {isa = PBXFileReference; fileEncoding = 4; lastKnownFileType = sourcecode.c.objc; path = ExplorerViewController.m; sourceTree = "<group>"; };
		925A01A71A1E67F900A321E6 /* Parser.h */ = {isa = PBXFileReference; fileEncoding = 4; lastKnownFileType = sourcecode.c.h; path = Parser.h; sourceTree = "<group>"; };
		925A01A81A1E67F900A321E6 /* Parser.m */ = {isa = PBXFileReference; fileEncoding = 4; lastKnownFileType = sourcecode.c.objc; path = Parser.m; sourceTree = "<group>"; };
		926086301A5E8560006C5523 /* Runnable.h */ = {isa = PBXFileReference; fileEncoding = 4; lastKnownFileType = sourcecode.c.h; path = Runnable.h; sourceTree = "<group>"; };
		926086311A5E8560006C5523 /* Runnable.m */ = {isa = PBXFileReference; fileEncoding = 4; lastKnownFileType = sourcecode.c.objc; path = Runnable.m; sourceTree = "<group>"; };
		9267E86C1A5AF61B00D08C42 /* AFHTTPRequestOperation.h */ = {isa = PBXFileReference; fileEncoding = 4; lastKnownFileType = sourcecode.c.h; path = AFHTTPRequestOperation.h; sourceTree = "<group>"; };
		9267E86D1A5AF61B00D08C42 /* AFHTTPRequestOperation.m */ = {isa = PBXFileReference; fileEncoding = 4; lastKnownFileType = sourcecode.c.objc; path = AFHTTPRequestOperation.m; sourceTree = "<group>"; };
		9267E86E1A5AF61B00D08C42 /* AFHTTPRequestOperationManager.h */ = {isa = PBXFileReference; fileEncoding = 4; lastKnownFileType = sourcecode.c.h; path = AFHTTPRequestOperationManager.h; sourceTree = "<group>"; };
		9267E86F1A5AF61B00D08C42 /* AFHTTPRequestOperationManager.m */ = {isa = PBXFileReference; fileEncoding = 4; lastKnownFileType = sourcecode.c.objc; path = AFHTTPRequestOperationManager.m; sourceTree = "<group>"; };
		9267E8701A5AF61B00D08C42 /* AFHTTPSessionManager.h */ = {isa = PBXFileReference; fileEncoding = 4; lastKnownFileType = sourcecode.c.h; path = AFHTTPSessionManager.h; sourceTree = "<group>"; };
		9267E8711A5AF61B00D08C42 /* AFHTTPSessionManager.m */ = {isa = PBXFileReference; fileEncoding = 4; lastKnownFileType = sourcecode.c.objc; path = AFHTTPSessionManager.m; sourceTree = "<group>"; };
		9267E8721A5AF61B00D08C42 /* AFNetworking.h */ = {isa = PBXFileReference; fileEncoding = 4; lastKnownFileType = sourcecode.c.h; path = AFNetworking.h; sourceTree = "<group>"; };
		9267E8731A5AF61B00D08C42 /* AFNetworkReachabilityManager.h */ = {isa = PBXFileReference; fileEncoding = 4; lastKnownFileType = sourcecode.c.h; path = AFNetworkReachabilityManager.h; sourceTree = "<group>"; };
		9267E8741A5AF61B00D08C42 /* AFNetworkReachabilityManager.m */ = {isa = PBXFileReference; fileEncoding = 4; lastKnownFileType = sourcecode.c.objc; path = AFNetworkReachabilityManager.m; sourceTree = "<group>"; };
		9267E8751A5AF61B00D08C42 /* AFSecurityPolicy.h */ = {isa = PBXFileReference; fileEncoding = 4; lastKnownFileType = sourcecode.c.h; path = AFSecurityPolicy.h; sourceTree = "<group>"; };
		9267E8761A5AF61B00D08C42 /* AFSecurityPolicy.m */ = {isa = PBXFileReference; fileEncoding = 4; lastKnownFileType = sourcecode.c.objc; path = AFSecurityPolicy.m; sourceTree = "<group>"; };
		9267E8771A5AF61B00D08C42 /* AFURLConnectionOperation.h */ = {isa = PBXFileReference; fileEncoding = 4; lastKnownFileType = sourcecode.c.h; path = AFURLConnectionOperation.h; sourceTree = "<group>"; };
		9267E8781A5AF61B00D08C42 /* AFURLConnectionOperation.m */ = {isa = PBXFileReference; fileEncoding = 4; lastKnownFileType = sourcecode.c.objc; path = AFURLConnectionOperation.m; sourceTree = "<group>"; };
		9267E8791A5AF61B00D08C42 /* AFURLRequestSerialization.h */ = {isa = PBXFileReference; fileEncoding = 4; lastKnownFileType = sourcecode.c.h; path = AFURLRequestSerialization.h; sourceTree = "<group>"; };
		9267E87A1A5AF61B00D08C42 /* AFURLRequestSerialization.m */ = {isa = PBXFileReference; fileEncoding = 4; lastKnownFileType = sourcecode.c.objc; path = AFURLRequestSerialization.m; sourceTree = "<group>"; };
		9267E87B1A5AF61B00D08C42 /* AFURLResponseSerialization.h */ = {isa = PBXFileReference; fileEncoding = 4; lastKnownFileType = sourcecode.c.h; path = AFURLResponseSerialization.h; sourceTree = "<group>"; };
		9267E87C1A5AF61B00D08C42 /* AFURLResponseSerialization.m */ = {isa = PBXFileReference; fileEncoding = 4; lastKnownFileType = sourcecode.c.objc; path = AFURLResponseSerialization.m; sourceTree = "<group>"; };
		9267E87D1A5AF61B00D08C42 /* AFURLSessionManager.h */ = {isa = PBXFileReference; fileEncoding = 4; lastKnownFileType = sourcecode.c.h; path = AFURLSessionManager.h; sourceTree = "<group>"; };
		9267E87E1A5AF61B00D08C42 /* AFURLSessionManager.m */ = {isa = PBXFileReference; fileEncoding = 4; lastKnownFileType = sourcecode.c.objc; path = AFURLSessionManager.m; sourceTree = "<group>"; };
		926864201AA5E50900F305B9 /* StoreKit.framework */ = {isa = PBXFileReference; lastKnownFileType = wrapper.framework; name = StoreKit.framework; path = System/Library/Frameworks/StoreKit.framework; sourceTree = SDKROOT; };
		926864221AA607A000F305B9 /* UpgradeViewController.h */ = {isa = PBXFileReference; fileEncoding = 4; lastKnownFileType = sourcecode.c.h; path = UpgradeViewController.h; sourceTree = "<group>"; };
		926864231AA607A000F305B9 /* UpgradeViewController.m */ = {isa = PBXFileReference; fileEncoding = 4; lastKnownFileType = sourcecode.c.objc; path = UpgradeViewController.m; sourceTree = "<group>"; };
		926864251AA6087300F305B9 /* AppController.h */ = {isa = PBXFileReference; fileEncoding = 4; lastKnownFileType = sourcecode.c.h; path = AppController.h; sourceTree = "<group>"; };
		926864261AA6087300F305B9 /* AppController.m */ = {isa = PBXFileReference; fileEncoding = 4; lastKnownFileType = sourcecode.c.objc; path = AppController.m; sourceTree = "<group>"; };
		926C72C51A2B579E00448EAB /* RunnerViewController.h */ = {isa = PBXFileReference; fileEncoding = 4; lastKnownFileType = sourcecode.c.h; path = RunnerViewController.h; sourceTree = "<group>"; };
		926C72C61A2B579E00448EAB /* RunnerViewController.m */ = {isa = PBXFileReference; fileEncoding = 4; lastKnownFileType = sourcecode.c.objc; path = RunnerViewController.m; sourceTree = "<group>"; };
		926C72C81A2B5C9100448EAB /* RunnerDelegate.h */ = {isa = PBXFileReference; fileEncoding = 4; lastKnownFileType = sourcecode.c.h; path = RunnerDelegate.h; sourceTree = "<group>"; };
		9272C1471A1DE2D000E97957 /* Token.h */ = {isa = PBXFileReference; fileEncoding = 4; lastKnownFileType = sourcecode.c.h; path = Token.h; sourceTree = "<group>"; };
		9272C1481A1DE2D000E97957 /* Token.m */ = {isa = PBXFileReference; fileEncoding = 4; lastKnownFileType = sourcecode.c.objc; path = Token.m; sourceTree = "<group>"; };
		927334971A2A456900C89AF0 /* Help.storyboard */ = {isa = PBXFileReference; fileEncoding = 4; lastKnownFileType = file.storyboard; path = Help.storyboard; sourceTree = "<group>"; };
		9273349B1A2A478700C89AF0 /* HelpTableViewController.h */ = {isa = PBXFileReference; fileEncoding = 4; lastKnownFileType = sourcecode.c.h; path = HelpTableViewController.h; sourceTree = "<group>"; };
		9273349C1A2A478700C89AF0 /* HelpTableViewController.m */ = {isa = PBXFileReference; fileEncoding = 4; lastKnownFileType = sourcecode.c.objc; path = HelpTableViewController.m; sourceTree = "<group>"; };
		9273349E1A2A499B00C89AF0 /* ModelManager.h */ = {isa = PBXFileReference; fileEncoding = 4; lastKnownFileType = sourcecode.c.h; path = ModelManager.h; sourceTree = "<group>"; };
		9273349F1A2A499B00C89AF0 /* ModelManager.m */ = {isa = PBXFileReference; fileEncoding = 4; lastKnownFileType = sourcecode.c.objc; path = ModelManager.m; sourceTree = "<group>"; };
		9276F3891A1D289C0060E909 /* LowRes Coder.app */ = {isa = PBXFileReference; explicitFileType = wrapper.application; includeInIndex = 0; path = "LowRes Coder.app"; sourceTree = BUILT_PRODUCTS_DIR; };
		9276F38D1A1D289C0060E909 /* Info.plist */ = {isa = PBXFileReference; lastKnownFileType = text.plist.xml; path = Info.plist; sourceTree = "<group>"; };
		9276F38E1A1D289C0060E909 /* main.m */ = {isa = PBXFileReference; lastKnownFileType = sourcecode.c.objc; path = main.m; sourceTree = "<group>"; };
		9276F3901A1D289C0060E909 /* AppDelegate.h */ = {isa = PBXFileReference; lastKnownFileType = sourcecode.c.h; path = AppDelegate.h; sourceTree = "<group>"; };
		9276F3911A1D289C0060E909 /* AppDelegate.m */ = {isa = PBXFileReference; lastKnownFileType = sourcecode.c.objc; path = AppDelegate.m; sourceTree = "<group>"; };
		9276F3931A1D289C0060E909 /* EditorViewController.h */ = {isa = PBXFileReference; lastKnownFileType = sourcecode.c.h; path = EditorViewController.h; sourceTree = "<group>"; };
		9276F3941A1D289C0060E909 /* EditorViewController.m */ = {isa = PBXFileReference; lastKnownFileType = sourcecode.c.objc; path = EditorViewController.m; sourceTree = "<group>"; };
		9276F3991A1D289C0060E909 /* Images.xcassets */ = {isa = PBXFileReference; lastKnownFileType = folder.assetcatalog; path = Images.xcassets; sourceTree = "<group>"; };
		9276F3A21A1D289C0060E909 /* LowRes Coder Tests.xctest */ = {isa = PBXFileReference; explicitFileType = wrapper.cfbundle; includeInIndex = 0; path = "LowRes Coder Tests.xctest"; sourceTree = BUILT_PRODUCTS_DIR; };
		9276F3A71A1D289C0060E909 /* Info.plist */ = {isa = PBXFileReference; lastKnownFileType = text.plist.xml; path = Info.plist; sourceTree = "<group>"; };
		9276F3A81A1D289C0060E909 /* PixelsTests.m */ = {isa = PBXFileReference; lastKnownFileType = sourcecode.c.objc; path = PixelsTests.m; sourceTree = "<group>"; };
		9276F3B21A1D29BF0060E909 /* Scanner.h */ = {isa = PBXFileReference; fileEncoding = 4; lastKnownFileType = sourcecode.c.h; path = Scanner.h; sourceTree = "<group>"; };
		9276F3B31A1D29BF0060E909 /* Scanner.m */ = {isa = PBXFileReference; fileEncoding = 4; lastKnownFileType = sourcecode.c.objc; path = Scanner.m; sourceTree = "<group>"; };
		927E2FC81A72586E006C9B9C /* en */ = {isa = PBXFileReference; lastKnownFileType = file.xib; name = en; path = en.lproj/LaunchScreen.xib; sourceTree = "<group>"; };
		927E2FC91A72586E006C9B9C /* en */ = {isa = PBXFileReference; lastKnownFileType = file.storyboard; name = en; path = en.lproj/Main.storyboard; sourceTree = "<group>"; };
		928FB8971A5C804200EA377F /* GORSeparatorView.h */ = {isa = PBXFileReference; fileEncoding = 4; lastKnownFileType = sourcecode.c.h; path = GORSeparatorView.h; sourceTree = "<group>"; };
		928FB8981A5C804200EA377F /* GORSeparatorView.m */ = {isa = PBXFileReference; fileEncoding = 4; lastKnownFileType = sourcecode.c.objc; path = GORSeparatorView.m; sourceTree = "<group>"; };
		929797FB1A50956900DB5D70 /* PublishActivity.h */ = {isa = PBXFileReference; fileEncoding = 4; lastKnownFileType = sourcecode.c.h; path = PublishActivity.h; sourceTree = "<group>"; };
		929797FC1A50956900DB5D70 /* PublishActivity.m */ = {isa = PBXFileReference; fileEncoding = 4; lastKnownFileType = sourcecode.c.objc; path = PublishActivity.m; sourceTree = "<group>"; };
		92A0EC0C1A56DA1F0051D74C /* Model.xcdatamodel */ = {isa = PBXFileReference; lastKnownFileType = wrapper.xcdatamodel; path = Model.xcdatamodel; sourceTree = "<group>"; };
		92A0EC0E1A56DA630051D74C /* Model 2.xcdatamodel */ = {isa = PBXFileReference; lastKnownFileType = wrapper.xcdatamodel; path = "Model 2.xcdatamodel"; sourceTree = "<group>"; };
		92B7A5311AA8C71000B6CA81 /* AudioPlayer.h */ = {isa = PBXFileReference; fileEncoding = 4; lastKnownFileType = sourcecode.c.h; path = AudioPlayer.h; sourceTree = "<group>"; };
		92B7A5321AA8C71000B6CA81 /* AudioPlayer.m */ = {isa = PBXFileReference; fileEncoding = 4; lastKnownFileType = sourcecode.c.objc; path = AudioPlayer.m; sourceTree = "<group>"; };
		92C98F3D1A20CFD900215AE9 /* ProgramException.h */ = {isa = PBXFileReference; fileEncoding = 4; lastKnownFileType = sourcecode.c.h; path = ProgramException.h; sourceTree = "<group>"; };
		92C98F3E1A20CFD900215AE9 /* ProgramException.m */ = {isa = PBXFileReference; fileEncoding = 4; lastKnownFileType = sourcecode.c.objc; path = ProgramException.m; sourceTree = "<group>"; };
		92C98F401A20F2F000215AE9 /* Node.h */ = {isa = PBXFileReference; fileEncoding = 4; lastKnownFileType = sourcecode.c.h; path = Node.h; sourceTree = "<group>"; };
		92C98F411A20F2F000215AE9 /* Node.m */ = {isa = PBXFileReference; fileEncoding = 4; lastKnownFileType = sourcecode.c.objc; path = Node.m; sourceTree = "<group>"; };
		92D518B71A6975C10000F917 /* AboutViewController.h */ = {isa = PBXFileReference; fileEncoding = 4; lastKnownFileType = sourcecode.c.h; path = AboutViewController.h; sourceTree = "<group>"; };
		92D518B81A6975C10000F917 /* AboutViewController.m */ = {isa = PBXFileReference; fileEncoding = 4; lastKnownFileType = sourcecode.c.objc; path = AboutViewController.m; sourceTree = "<group>"; };
		92E2B8A81A52F08D00D0DF29 /* ActivityItemSource.h */ = {isa = PBXFileReference; fileEncoding = 4; lastKnownFileType = sourcecode.c.h; path = ActivityItemSource.h; sourceTree = "<group>"; };
		92E2B8A91A52F08D00D0DF29 /* ActivityItemSource.m */ = {isa = PBXFileReference; fileEncoding = 4; lastKnownFileType = sourcecode.c.objc; path = ActivityItemSource.m; sourceTree = "<group>"; };
		92E53DEC1A5B3A1D00FE9F91 /* GORMenuTableViewController.h */ = {isa = PBXFileReference; fileEncoding = 4; lastKnownFileType = sourcecode.c.h; path = GORMenuTableViewController.h; sourceTree = "<group>"; };
		92E53DED1A5B3A1D00FE9F91 /* GORMenuTableViewController.m */ = {isa = PBXFileReference; fileEncoding = 4; lastKnownFileType = sourcecode.c.objc; path = GORMenuTableViewController.m; sourceTree = "<group>"; };
		92E53DEE1A5B3A1D00FE9F91 /* GORScrollViewDelegate.h */ = {isa = PBXFileReference; fileEncoding = 4; lastKnownFileType = sourcecode.c.h; path = GORScrollViewDelegate.h; sourceTree = "<group>"; };
		92E53DEF1A5B3A1D00FE9F91 /* GORScrollViewDelegate.m */ = {isa = PBXFileReference; fileEncoding = 4; lastKnownFileType = sourcecode.c.objc; path = GORScrollViewDelegate.m; sourceTree = "<group>"; };
		92E53DF01A5B3A1D00FE9F91 /* GORTableViewController.h */ = {isa = PBXFileReference; fileEncoding = 4; lastKnownFileType = sourcecode.c.h; path = GORTableViewController.h; sourceTree = "<group>"; };
		92E53DF11A5B3A1D00FE9F91 /* GORTableViewController.m */ = {isa = PBXFileReference; fileEncoding = 4; lastKnownFileType = sourcecode.c.objc; path = GORTableViewController.m; sourceTree = "<group>"; };
		92E53DF21A5B3A1D00FE9F91 /* GORTextView.h */ = {isa = PBXFileReference; fileEncoding = 4; lastKnownFileType = sourcecode.c.h; path = GORTextView.h; sourceTree = "<group>"; };
		92E53DF31A5B3A1D00FE9F91 /* GORTextView.m */ = {isa = PBXFileReference; fileEncoding = 4; lastKnownFileType = sourcecode.c.objc; path = GORTextView.m; sourceTree = "<group>"; };
		92E53DF81A5B3AC200FE9F91 /* ShareViewController.h */ = {isa = PBXFileReference; fileEncoding = 4; lastKnownFileType = sourcecode.c.h; path = ShareViewController.h; sourceTree = "<group>"; };
		92E53DF91A5B3AC200FE9F91 /* ShareViewController.m */ = {isa = PBXFileReference; fileEncoding = 4; lastKnownFileType = sourcecode.c.objc; path = ShareViewController.m; sourceTree = "<group>"; };
		92EDC4401A54701D007824A5 /* Gamepad.h */ = {isa = PBXFileReference; fileEncoding = 4; lastKnownFileType = sourcecode.c.h; path = Gamepad.h; sourceTree = "<group>"; };
		92EDC4411A54701D007824A5 /* Gamepad.m */ = {isa = PBXFileReference; fileEncoding = 4; lastKnownFileType = sourcecode.c.objc; path = Gamepad.m; sourceTree = "<group>"; };
/* End PBXFileReference section */

/* Begin PBXFrameworksBuildPhase section */
		9276F3861A1D289C0060E909 /* Frameworks */ = {
			isa = PBXFrameworksBuildPhase;
			buildActionMask = 2147483647;
			files = (
				926864211AA5E50900F305B9 /* StoreKit.framework in Frameworks */,
			);
			runOnlyForDeploymentPostprocessing = 0;
		};
		9276F39F1A1D289C0060E909 /* Frameworks */ = {
			isa = PBXFrameworksBuildPhase;
			buildActionMask = 2147483647;
			files = (
			);
			runOnlyForDeploymentPostprocessing = 0;
		};
/* End PBXFrameworksBuildPhase section */

/* Begin PBXGroup section */
		9204C1EF1A6B454E00A0123C /* Class Utils */ = {
			isa = PBXGroup;
			children = (
				9204C1F01A6B458200A0123C /* NSString+Utils.h */,
				9204C1F11A6B458200A0123C /* NSString+Utils.m */,
			);
			name = "Class Utils";
			sourceTree = "<group>";
		};
		9204EF6B1A4C431400B8C29C /* Assets */ = {
			isa = PBXGroup;
			children = (
				9248A6AF1A7A641D00FD5656 /* Default Projects */,
				9276F3991A1D289C0060E909 /* Images.xcassets */,
				9276F39B1A1D289C0060E909 /* LaunchScreen.xib */,
				9204EF691A4C430300B8C29C /* manual.html */,
				921DA0E41AA1F87700816B26 /* error.html */,
			);
			name = Assets;
			sourceTree = "<group>";
		};
		9231159C1A444A4100624201 /* Views */ = {
			isa = PBXGroup;
			children = (
				9231159D1A444A6B00624201 /* RendererView.h */,
				9231159E1A444A6B00624201 /* RendererView.m */,
				92EDC4401A54701D007824A5 /* Gamepad.h */,
				92EDC4411A54701D007824A5 /* Gamepad.m */,
				921B234A1A9E3DA800C45AFA /* EditorTextView.h */,
				921B234B1A9E3DA800C45AFA /* EditorTextView.m */,
				920E681B1AB731620038994A /* CoachMarkView.h */,
				920E681C1AB731620038994A /* CoachMarkView.m */,
				920E681E1AB7317E0038994A /* CoachMarkView.xib */,
			);
			name = Views;
			sourceTree = "<group>";
		};
		923115A31A444AC000624201 /* Runtime */ = {
			isa = PBXGroup;
			children = (
				924CC0FC1A220B3C00D2AF68 /* Runner.h */,
				924CC0FD1A220B3C00D2AF68 /* Runner.m */,
				926C72C81A2B5C9100448EAB /* RunnerDelegate.h */,
				923115A01A444AA800624201 /* Renderer.h */,
				923115A11A444AA800624201 /* Renderer.m */,
				92B7A5311AA8C71000B6CA81 /* AudioPlayer.h */,
				92B7A5321AA8C71000B6CA81 /* AudioPlayer.m */,
			);
			name = Runtime;
			sourceTree = "<group>";
		};
		9267E86B1A5AF61B00D08C42 /* AFNetworking */ = {
			isa = PBXGroup;
			children = (
				9267E86C1A5AF61B00D08C42 /* AFHTTPRequestOperation.h */,
				9267E86D1A5AF61B00D08C42 /* AFHTTPRequestOperation.m */,
				9267E86E1A5AF61B00D08C42 /* AFHTTPRequestOperationManager.h */,
				9267E86F1A5AF61B00D08C42 /* AFHTTPRequestOperationManager.m */,
				9267E8701A5AF61B00D08C42 /* AFHTTPSessionManager.h */,
				9267E8711A5AF61B00D08C42 /* AFHTTPSessionManager.m */,
				9267E8721A5AF61B00D08C42 /* AFNetworking.h */,
				9267E8731A5AF61B00D08C42 /* AFNetworkReachabilityManager.h */,
				9267E8741A5AF61B00D08C42 /* AFNetworkReachabilityManager.m */,
				9267E8751A5AF61B00D08C42 /* AFSecurityPolicy.h */,
				9267E8761A5AF61B00D08C42 /* AFSecurityPolicy.m */,
				9267E8771A5AF61B00D08C42 /* AFURLConnectionOperation.h */,
				9267E8781A5AF61B00D08C42 /* AFURLConnectionOperation.m */,
				9267E8791A5AF61B00D08C42 /* AFURLRequestSerialization.h */,
				9267E87A1A5AF61B00D08C42 /* AFURLRequestSerialization.m */,
				9267E87B1A5AF61B00D08C42 /* AFURLResponseSerialization.h */,
				9267E87C1A5AF61B00D08C42 /* AFURLResponseSerialization.m */,
				9267E87D1A5AF61B00D08C42 /* AFURLSessionManager.h */,
				9267E87E1A5AF61B00D08C42 /* AFURLSessionManager.m */,
			);
			path = AFNetworking;
			sourceTree = "<group>";
		};
		927333F01A2A3E4600C89AF0 /* Core Data */ = {
			isa = PBXGroup;
			children = (
				92A0EC0B1A56DA1F0051D74C /* Model.xcdatamodeld */,
				922A77441AA46CCB004EE2CA /* Project.h */,
				922A77451AA46CCB004EE2CA /* Project.m */,
				9273349E1A2A499B00C89AF0 /* ModelManager.h */,
				9273349F1A2A499B00C89AF0 /* ModelManager.m */,
			);
			name = "Core Data";
			sourceTree = "<group>";
		};
		927333F11A2A3EDD00C89AF0 /* View Controllers */ = {
			isa = PBXGroup;
			children = (
				927334991A2A457A00C89AF0 /* Main */,
				9273349A1A2A458100C89AF0 /* Help */,
			);
			name = "View Controllers";
			sourceTree = "<group>";
		};
		927334991A2A457A00C89AF0 /* Main */ = {
			isa = PBXGroup;
			children = (
				92E2B8AB1A52F4CA00D0DF29 /* Share */,
				9276F3961A1D289C0060E909 /* Main.storyboard */,
				920E68201AB74CDA0038994A /* SplashViewController.h */,
				920E68211AB74CDA0038994A /* SplashViewController.m */,
				92509CC81A28F99D0086E7E3 /* ExplorerViewController.h */,
				92509CC91A28F99D0086E7E3 /* ExplorerViewController.m */,
				9276F3931A1D289C0060E909 /* EditorViewController.h */,
				9276F3941A1D289C0060E909 /* EditorViewController.m */,
				926C72C51A2B579E00448EAB /* RunnerViewController.h */,
				926C72C61A2B579E00448EAB /* RunnerViewController.m */,
				92E53DF81A5B3AC200FE9F91 /* ShareViewController.h */,
				92E53DF91A5B3AC200FE9F91 /* ShareViewController.m */,
				92D518B71A6975C10000F917 /* AboutViewController.h */,
				92D518B81A6975C10000F917 /* AboutViewController.m */,
				921DA0E11AA1EE6700816B26 /* WebViewController.h */,
				921DA0E21AA1EE6700816B26 /* WebViewController.m */,
				926864221AA607A000F305B9 /* UpgradeViewController.h */,
				926864231AA607A000F305B9 /* UpgradeViewController.m */,
			);
			name = Main;
			sourceTree = "<group>";
		};
		9273349A1A2A458100C89AF0 /* Help */ = {
			isa = PBXGroup;
			children = (
				927334971A2A456900C89AF0 /* Help.storyboard */,
				9204EF661A4C397300B8C29C /* HelpTextViewController.h */,
				9204EF671A4C397300B8C29C /* HelpTextViewController.m */,
				9273349B1A2A478700C89AF0 /* HelpTableViewController.h */,
				9273349C1A2A478700C89AF0 /* HelpTableViewController.m */,
				920822011A4DABB8005B7862 /* HelpContent.h */,
				920822021A4DABB8005B7862 /* HelpContent.m */,
			);
			name = Help;
			sourceTree = "<group>";
		};
		9276F3801A1D289C0060E909 = {
			isa = PBXGroup;
			children = (
				926864201AA5E50900F305B9 /* StoreKit.framework */,
				9276F38B1A1D289C0060E909 /* Pixels */,
				9276F3A51A1D289C0060E909 /* PixelsTests */,
				9276F38A1A1D289C0060E909 /* Products */,
			);
			sourceTree = "<group>";
		};
		9276F38A1A1D289C0060E909 /* Products */ = {
			isa = PBXGroup;
			children = (
				9276F3891A1D289C0060E909 /* LowRes Coder.app */,
				9276F3A21A1D289C0060E909 /* LowRes Coder Tests.xctest */,
			);
			name = Products;
			sourceTree = "<group>";
		};
		9276F38B1A1D289C0060E909 /* Pixels */ = {
			isa = PBXGroup;
			children = (
				9204EF6B1A4C431400B8C29C /* Assets */,
				9267E86B1A5AF61B00D08C42 /* AFNetworking */,
				92E53DEA1A5B3A1D00FE9F91 /* Gor Lib */,
				9276F3901A1D289C0060E909 /* AppDelegate.h */,
				9276F3911A1D289C0060E909 /* AppDelegate.m */,
				926864251AA6087300F305B9 /* AppController.h */,
				926864261AA6087300F305B9 /* AppController.m */,
				9231159C1A444A4100624201 /* Views */,
				927333F11A2A3EDD00C89AF0 /* View Controllers */,
				9276F3B51A1D29D30060E909 /* Compiler */,
				923115A31A444AC000624201 /* Runtime */,
				927333F01A2A3E4600C89AF0 /* Core Data */,
				9276F38C1A1D289C0060E909 /* Supporting Files */,
			);
			path = Pixels;
			sourceTree = "<group>";
		};
		9276F38C1A1D289C0060E909 /* Supporting Files */ = {
			isa = PBXGroup;
			children = (
				9276F38D1A1D289C0060E909 /* Info.plist */,
				9276F38E1A1D289C0060E909 /* main.m */,
			);
			name = "Supporting Files";
			sourceTree = "<group>";
		};
		9276F3A51A1D289C0060E909 /* PixelsTests */ = {
			isa = PBXGroup;
			children = (
				9276F3A81A1D289C0060E909 /* PixelsTests.m */,
				9276F3A61A1D289C0060E909 /* Supporting Files */,
			);
			path = PixelsTests;
			sourceTree = "<group>";
		};
		9276F3A61A1D289C0060E909 /* Supporting Files */ = {
			isa = PBXGroup;
			children = (
				9276F3A71A1D289C0060E909 /* Info.plist */,
			);
			name = "Supporting Files";
			sourceTree = "<group>";
		};
		9276F3B51A1D29D30060E909 /* Compiler */ = {
			isa = PBXGroup;
			children = (
				9272C1471A1DE2D000E97957 /* Token.h */,
				9272C1481A1DE2D000E97957 /* Token.m */,
				92C98F401A20F2F000215AE9 /* Node.h */,
				92C98F411A20F2F000215AE9 /* Node.m */,
				9276F3B21A1D29BF0060E909 /* Scanner.h */,
				9276F3B31A1D29BF0060E909 /* Scanner.m */,
				925A01A71A1E67F900A321E6 /* Parser.h */,
				925A01A81A1E67F900A321E6 /* Parser.m */,
				926086301A5E8560006C5523 /* Runnable.h */,
				926086311A5E8560006C5523 /* Runnable.m */,
				92C98F3D1A20CFD900215AE9 /* ProgramException.h */,
				92C98F3E1A20CFD900215AE9 /* ProgramException.m */,
			);
			name = Compiler;
			sourceTree = "<group>";
		};
		92E2B8AB1A52F4CA00D0DF29 /* Share */ = {
			isa = PBXGroup;
			children = (
				929797FB1A50956900DB5D70 /* PublishActivity.h */,
				929797FC1A50956900DB5D70 /* PublishActivity.m */,
				92E2B8A81A52F08D00D0DF29 /* ActivityItemSource.h */,
				92E2B8A91A52F08D00D0DF29 /* ActivityItemSource.m */,
			);
			name = Share;
			sourceTree = "<group>";
		};
		92E53DEA1A5B3A1D00FE9F91 /* Gor Lib */ = {
			isa = PBXGroup;
			children = (
				9204C1EF1A6B454E00A0123C /* Class Utils */,
				92E53DEB1A5B3A1D00FE9F91 /* UI */,
			);
			path = "Gor Lib";
			sourceTree = "<group>";
		};
		92E53DEB1A5B3A1D00FE9F91 /* UI */ = {
			isa = PBXGroup;
			children = (
				92E53DEC1A5B3A1D00FE9F91 /* GORMenuTableViewController.h */,
				92E53DED1A5B3A1D00FE9F91 /* GORMenuTableViewController.m */,
				92E53DEE1A5B3A1D00FE9F91 /* GORScrollViewDelegate.h */,
				92E53DEF1A5B3A1D00FE9F91 /* GORScrollViewDelegate.m */,
				92E53DF01A5B3A1D00FE9F91 /* GORTableViewController.h */,
				92E53DF11A5B3A1D00FE9F91 /* GORTableViewController.m */,
				92E53DF21A5B3A1D00FE9F91 /* GORTextView.h */,
				92E53DF31A5B3A1D00FE9F91 /* GORTextView.m */,
				928FB8971A5C804200EA377F /* GORSeparatorView.h */,
				928FB8981A5C804200EA377F /* GORSeparatorView.m */,
			);
			path = UI;
			sourceTree = "<group>";
		};
/* End PBXGroup section */

/* Begin PBXNativeTarget section */
		9276F3881A1D289C0060E909 /* LowRes Coder */ = {
			isa = PBXNativeTarget;
			buildConfigurationList = 9276F3AC1A1D289C0060E909 /* Build configuration list for PBXNativeTarget "LowRes Coder" */;
			buildPhases = (
				9276F3851A1D289C0060E909 /* Sources */,
				9276F3861A1D289C0060E909 /* Frameworks */,
				9276F3871A1D289C0060E909 /* Resources */,
			);
			buildRules = (
			);
			dependencies = (
			);
			name = "LowRes Coder";
			productName = Pixels;
			productReference = 9276F3891A1D289C0060E909 /* LowRes Coder.app */;
			productType = "com.apple.product-type.application";
		};
		9276F3A11A1D289C0060E909 /* LowRes Coder Tests */ = {
			isa = PBXNativeTarget;
			buildConfigurationList = 9276F3AF1A1D289C0060E909 /* Build configuration list for PBXNativeTarget "LowRes Coder Tests" */;
			buildPhases = (
				9276F39E1A1D289C0060E909 /* Sources */,
				9276F39F1A1D289C0060E909 /* Frameworks */,
				9276F3A01A1D289C0060E909 /* Resources */,
			);
			buildRules = (
			);
			dependencies = (
				9276F3A41A1D289C0060E909 /* PBXTargetDependency */,
			);
			name = "LowRes Coder Tests";
			productName = PixelsTests;
			productReference = 9276F3A21A1D289C0060E909 /* LowRes Coder Tests.xctest */;
			productType = "com.apple.product-type.bundle.unit-test";
		};
/* End PBXNativeTarget section */

/* Begin PBXProject section */
		9276F3811A1D289C0060E909 /* Project object */ = {
			isa = PBXProject;
			attributes = {
				LastUpgradeCheck = 0610;
				ORGANIZATIONNAME = "Inutilis Software";
				TargetAttributes = {
					9276F3881A1D289C0060E909 = {
						CreatedOnToolsVersion = 6.1;
						DevelopmentTeam = BZ4VC623NH;
						SystemCapabilities = {
							com.apple.InAppPurchase = {
								enabled = 1;
							};
						};
					};
					9276F3A11A1D289C0060E909 = {
						CreatedOnToolsVersion = 6.1;
						TestTargetID = 9276F3881A1D289C0060E909;
					};
				};
			};
			buildConfigurationList = 9276F3841A1D289C0060E909 /* Build configuration list for PBXProject "Pixels" */;
			compatibilityVersion = "Xcode 3.2";
			developmentRegion = English;
			hasScannedForEncodings = 0;
			knownRegions = (
				en,
			);
			mainGroup = 9276F3801A1D289C0060E909;
			productRefGroup = 9276F38A1A1D289C0060E909 /* Products */;
			projectDirPath = "";
			projectRoot = "";
			targets = (
				9276F3881A1D289C0060E909 /* LowRes Coder */,
				9276F3A11A1D289C0060E909 /* LowRes Coder Tests */,
			);
		};
/* End PBXProject section */

/* Begin PBXResourcesBuildPhase section */
		9276F3871A1D289C0060E909 /* Resources */ = {
			isa = PBXResourcesBuildPhase;
			buildActionMask = 2147483647;
			files = (
				9204EF6A1A4C430300B8C29C /* manual.html in Resources */,
				9276F3981A1D289C0060E909 /* Main.storyboard in Resources */,
				9276F39D1A1D289C0060E909 /* LaunchScreen.xib in Resources */,
				920E681F1AB7317E0038994A /* CoachMarkView.xib in Resources */,
				9248A6B01A7A641D00FD5656 /* Default Projects in Resources */,
				921DA0E51AA1F87700816B26 /* error.html in Resources */,
				9276F39A1A1D289C0060E909 /* Images.xcassets in Resources */,
				927334981A2A456900C89AF0 /* Help.storyboard in Resources */,
			);
			runOnlyForDeploymentPostprocessing = 0;
		};
		9276F3A01A1D289C0060E909 /* Resources */ = {
			isa = PBXResourcesBuildPhase;
			buildActionMask = 2147483647;
			files = (
			);
			runOnlyForDeploymentPostprocessing = 0;
		};
/* End PBXResourcesBuildPhase section */

/* Begin PBXSourcesBuildPhase section */
		9276F3851A1D289C0060E909 /* Sources */ = {
			isa = PBXSourcesBuildPhase;
			buildActionMask = 2147483647;
			files = (
				92E53DF61A5B3A1D00FE9F91 /* GORTableViewController.m in Sources */,
				921DA0E31AA1EE6700816B26 /* WebViewController.m in Sources */,
				9267E8841A5AF61B00D08C42 /* AFURLConnectionOperation.m in Sources */,
				923115A21A444AA800624201 /* Renderer.m in Sources */,
				9276F3951A1D289C0060E909 /* EditorViewController.m in Sources */,
				9267E87F1A5AF61B00D08C42 /* AFHTTPRequestOperation.m in Sources */,
				9267E8861A5AF61B00D08C42 /* AFURLResponseSerialization.m in Sources */,
				9272C1491A1DE2D000E97957 /* Token.m in Sources */,
				9204C1F21A6B458200A0123C /* NSString+Utils.m in Sources */,
				92E2B8AA1A52F08D00D0DF29 /* ActivityItemSource.m in Sources */,
				92E53DF51A5B3A1D00FE9F91 /* GORScrollViewDelegate.m in Sources */,
				92E53DF71A5B3A1D00FE9F91 /* GORTextView.m in Sources */,
				9276F3921A1D289C0060E909 /* AppDelegate.m in Sources */,
				9276F3B41A1D29BF0060E909 /* Scanner.m in Sources */,
				92EDC4421A54701D007824A5 /* Gamepad.m in Sources */,
				925A01A91A1E67F900A321E6 /* Parser.m in Sources */,
				9267E8831A5AF61B00D08C42 /* AFSecurityPolicy.m in Sources */,
				9267E8871A5AF61B00D08C42 /* AFURLSessionManager.m in Sources */,
				920E68221AB74CDA0038994A /* SplashViewController.m in Sources */,
				92A0EC0D1A56DA1F0051D74C /* Model.xcdatamodeld in Sources */,
				9204EF681A4C397300B8C29C /* HelpTextViewController.m in Sources */,
				9267E8811A5AF61B00D08C42 /* AFHTTPSessionManager.m in Sources */,
				92C98F3F1A20CFD900215AE9 /* ProgramException.m in Sources */,
				9267E8821A5AF61B00D08C42 /* AFNetworkReachabilityManager.m in Sources */,
				926864271AA6087300F305B9 /* AppController.m in Sources */,
				9276F38F1A1D289C0060E909 /* main.m in Sources */,
				9267E8801A5AF61B00D08C42 /* AFHTTPRequestOperationManager.m in Sources */,
				92D518B91A6975C10000F917 /* AboutViewController.m in Sources */,
				9267E8851A5AF61B00D08C42 /* AFURLRequestSerialization.m in Sources */,
				928FB8991A5C804200EA377F /* GORSeparatorView.m in Sources */,
				927334A01A2A499B00C89AF0 /* ModelManager.m in Sources */,
				9273349D1A2A478700C89AF0 /* HelpTableViewController.m in Sources */,
				929797FD1A50956900DB5D70 /* PublishActivity.m in Sources */,
				920822031A4DABB8005B7862 /* HelpContent.m in Sources */,
				926086321A5E8560006C5523 /* Runnable.m in Sources */,
				922A77461AA46CCB004EE2CA /* Project.m in Sources */,
				920E681D1AB731620038994A /* CoachMarkView.m in Sources */,
				924CC0FE1A220B3C00D2AF68 /* Runner.m in Sources */,
				92E53DF41A5B3A1D00FE9F91 /* GORMenuTableViewController.m in Sources */,
				92B7A5331AA8C71000B6CA81 /* AudioPlayer.m in Sources */,
				921B234C1A9E3DA800C45AFA /* EditorTextView.m in Sources */,
				9231159F1A444A6B00624201 /* RendererView.m in Sources */,
				92C98F421A20F2F000215AE9 /* Node.m in Sources */,
				926C72C71A2B579E00448EAB /* RunnerViewController.m in Sources */,
				92E53DFA1A5B3AC200FE9F91 /* ShareViewController.m in Sources */,
				926864241AA607A000F305B9 /* UpgradeViewController.m in Sources */,
				92509CCA1A28F99D0086E7E3 /* ExplorerViewController.m in Sources */,
			);
			runOnlyForDeploymentPostprocessing = 0;
		};
		9276F39E1A1D289C0060E909 /* Sources */ = {
			isa = PBXSourcesBuildPhase;
			buildActionMask = 2147483647;
			files = (
				9276F3A91A1D289C0060E909 /* PixelsTests.m in Sources */,
			);
			runOnlyForDeploymentPostprocessing = 0;
		};
/* End PBXSourcesBuildPhase section */

/* Begin PBXTargetDependency section */
		9276F3A41A1D289C0060E909 /* PBXTargetDependency */ = {
			isa = PBXTargetDependency;
			target = 9276F3881A1D289C0060E909 /* LowRes Coder */;
			targetProxy = 9276F3A31A1D289C0060E909 /* PBXContainerItemProxy */;
		};
/* End PBXTargetDependency section */

/* Begin PBXVariantGroup section */
		9276F3961A1D289C0060E909 /* Main.storyboard */ = {
			isa = PBXVariantGroup;
			children = (
				927E2FC91A72586E006C9B9C /* en */,
			);
			name = Main.storyboard;
			sourceTree = "<group>";
		};
		9276F39B1A1D289C0060E909 /* LaunchScreen.xib */ = {
			isa = PBXVariantGroup;
			children = (
				927E2FC81A72586E006C9B9C /* en */,
			);
			name = LaunchScreen.xib;
			sourceTree = "<group>";
		};
/* End PBXVariantGroup section */

/* Begin XCBuildConfiguration section */
		9276F3AA1A1D289C0060E909 /* Debug */ = {
			isa = XCBuildConfiguration;
			buildSettings = {
				ALWAYS_SEARCH_USER_PATHS = NO;
				CLANG_CXX_LANGUAGE_STANDARD = "gnu++0x";
				CLANG_CXX_LIBRARY = "libc++";
				CLANG_ENABLE_MODULES = YES;
				CLANG_ENABLE_OBJC_ARC = YES;
				CLANG_WARN_BOOL_CONVERSION = YES;
				CLANG_WARN_CONSTANT_CONVERSION = YES;
				CLANG_WARN_DIRECT_OBJC_ISA_USAGE = YES_ERROR;
				CLANG_WARN_EMPTY_BODY = YES;
				CLANG_WARN_ENUM_CONVERSION = YES;
				CLANG_WARN_INT_CONVERSION = YES;
				CLANG_WARN_OBJC_ROOT_CLASS = YES_ERROR;
				CLANG_WARN_UNREACHABLE_CODE = YES;
				CLANG_WARN__DUPLICATE_METHOD_MATCH = YES;
				"CODE_SIGN_IDENTITY[sdk=iphoneos*]" = "iPhone Developer";
				COPY_PHASE_STRIP = NO;
				ENABLE_STRICT_OBJC_MSGSEND = YES;
				GCC_C_LANGUAGE_STANDARD = gnu99;
				GCC_DYNAMIC_NO_PIC = NO;
				GCC_OPTIMIZATION_LEVEL = 0;
				GCC_PREPROCESSOR_DEFINITIONS = (
					"DEBUG=1",
					"$(inherited)",
				);
				GCC_SYMBOLS_PRIVATE_EXTERN = NO;
				GCC_WARN_64_TO_32_BIT_CONVERSION = YES;
				GCC_WARN_ABOUT_RETURN_TYPE = YES_ERROR;
				GCC_WARN_UNDECLARED_SELECTOR = YES;
				GCC_WARN_UNINITIALIZED_AUTOS = YES_AGGRESSIVE;
				GCC_WARN_UNUSED_FUNCTION = YES;
				GCC_WARN_UNUSED_VARIABLE = YES;
				IPHONEOS_DEPLOYMENT_TARGET = 8.1;
				MTL_ENABLE_DEBUG_INFO = YES;
				ONLY_ACTIVE_ARCH = YES;
				SDKROOT = iphoneos;
				TARGETED_DEVICE_FAMILY = 2;
			};
			name = Debug;
		};
		9276F3AB1A1D289C0060E909 /* Release */ = {
			isa = XCBuildConfiguration;
			buildSettings = {
				ALWAYS_SEARCH_USER_PATHS = NO;
				CLANG_CXX_LANGUAGE_STANDARD = "gnu++0x";
				CLANG_CXX_LIBRARY = "libc++";
				CLANG_ENABLE_MODULES = YES;
				CLANG_ENABLE_OBJC_ARC = YES;
				CLANG_WARN_BOOL_CONVERSION = YES;
				CLANG_WARN_CONSTANT_CONVERSION = YES;
				CLANG_WARN_DIRECT_OBJC_ISA_USAGE = YES_ERROR;
				CLANG_WARN_EMPTY_BODY = YES;
				CLANG_WARN_ENUM_CONVERSION = YES;
				CLANG_WARN_INT_CONVERSION = YES;
				CLANG_WARN_OBJC_ROOT_CLASS = YES_ERROR;
				CLANG_WARN_UNREACHABLE_CODE = YES;
				CLANG_WARN__DUPLICATE_METHOD_MATCH = YES;
				"CODE_SIGN_IDENTITY[sdk=iphoneos*]" = "iPhone Developer";
				COPY_PHASE_STRIP = YES;
				ENABLE_NS_ASSERTIONS = NO;
				ENABLE_STRICT_OBJC_MSGSEND = YES;
				GCC_C_LANGUAGE_STANDARD = gnu99;
				GCC_WARN_64_TO_32_BIT_CONVERSION = YES;
				GCC_WARN_ABOUT_RETURN_TYPE = YES_ERROR;
				GCC_WARN_UNDECLARED_SELECTOR = YES;
				GCC_WARN_UNINITIALIZED_AUTOS = YES_AGGRESSIVE;
				GCC_WARN_UNUSED_FUNCTION = YES;
				GCC_WARN_UNUSED_VARIABLE = YES;
				IPHONEOS_DEPLOYMENT_TARGET = 8.1;
				MTL_ENABLE_DEBUG_INFO = NO;
				SDKROOT = iphoneos;
				TARGETED_DEVICE_FAMILY = 2;
				VALIDATE_PRODUCT = YES;
			};
			name = Release;
		};
		9276F3AD1A1D289C0060E909 /* Debug */ = {
			isa = XCBuildConfiguration;
			buildSettings = {
				ASSETCATALOG_COMPILER_APPICON_NAME = AppIcon;
				CODE_SIGN_IDENTITY = "iPhone Developer";
				"CODE_SIGN_IDENTITY[sdk=iphoneos*]" = "iPhone Developer";
				INFOPLIST_FILE = Pixels/Info.plist;
				IPHONEOS_DEPLOYMENT_TARGET = 8.0;
				LD_RUNPATH_SEARCH_PATHS = "$(inherited) @executable_path/Frameworks";
				PRODUCT_NAME = "$(TARGET_NAME)";
				PROVISIONING_PROFILE = "";
				TARGETED_DEVICE_FAMILY = "1,2";
			};
			name = Debug;
		};
		9276F3AE1A1D289C0060E909 /* Release */ = {
			isa = XCBuildConfiguration;
			buildSettings = {
				ASSETCATALOG_COMPILER_APPICON_NAME = AppIcon;
				CODE_SIGN_IDENTITY = "iPhone Developer";
				"CODE_SIGN_IDENTITY[sdk=iphoneos*]" = "iPhone Developer";
				INFOPLIST_FILE = Pixels/Info.plist;
				IPHONEOS_DEPLOYMENT_TARGET = 8.0;
				LD_RUNPATH_SEARCH_PATHS = "$(inherited) @executable_path/Frameworks";
				PRODUCT_NAME = "$(TARGET_NAME)";
				PROVISIONING_PROFILE = "";
				TARGETED_DEVICE_FAMILY = "1,2";
			};
			name = Release;
		};
		9276F3B01A1D289C0060E909 /* Debug */ = {
			isa = XCBuildConfiguration;
			buildSettings = {
				BUNDLE_LOADER = "$(TEST_HOST)";
				FRAMEWORK_SEARCH_PATHS = (
					"$(SDKROOT)/Developer/Library/Frameworks",
					"$(inherited)",
				);
				GCC_PREPROCESSOR_DEFINITIONS = (
					"DEBUG=1",
					"$(inherited)",
				);
				INFOPLIST_FILE = PixelsTests/Info.plist;
				LD_RUNPATH_SEARCH_PATHS = "$(inherited) @executable_path/Frameworks @loader_path/Frameworks";
				PRODUCT_NAME = "$(TARGET_NAME)";
				TEST_HOST = "$(BUILT_PRODUCTS_DIR)/LowRes Coder.app/LowRes Coder";
			};
			name = Debug;
		};
		9276F3B11A1D289C0060E909 /* Release */ = {
			isa = XCBuildConfiguration;
			buildSettings = {
				BUNDLE_LOADER = "$(TEST_HOST)";
				FRAMEWORK_SEARCH_PATHS = (
					"$(SDKROOT)/Developer/Library/Frameworks",
					"$(inherited)",
				);
				INFOPLIST_FILE = PixelsTests/Info.plist;
				LD_RUNPATH_SEARCH_PATHS = "$(inherited) @executable_path/Frameworks @loader_path/Frameworks";
				PRODUCT_NAME = "$(TARGET_NAME)";
				TEST_HOST = "$(BUILT_PRODUCTS_DIR)/LowRes Coder.app/LowRes Coder";
			};
			name = Release;
		};
/* End XCBuildConfiguration section */

/* Begin XCConfigurationList section */
		9276F3841A1D289C0060E909 /* Build configuration list for PBXProject "Pixels" */ = {
			isa = XCConfigurationList;
			buildConfigurations = (
				9276F3AA1A1D289C0060E909 /* Debug */,
				9276F3AB1A1D289C0060E909 /* Release */,
			);
			defaultConfigurationIsVisible = 0;
			defaultConfigurationName = Release;
		};
		9276F3AC1A1D289C0060E909 /* Build configuration list for PBXNativeTarget "LowRes Coder" */ = {
			isa = XCConfigurationList;
			buildConfigurations = (
				9276F3AD1A1D289C0060E909 /* Debug */,
				9276F3AE1A1D289C0060E909 /* Release */,
			);
			defaultConfigurationIsVisible = 0;
			defaultConfigurationName = Release;
		};
		9276F3AF1A1D289C0060E909 /* Build configuration list for PBXNativeTarget "LowRes Coder Tests" */ = {
			isa = XCConfigurationList;
			buildConfigurations = (
				9276F3B01A1D289C0060E909 /* Debug */,
				9276F3B11A1D289C0060E909 /* Release */,
			);
			defaultConfigurationIsVisible = 0;
			defaultConfigurationName = Release;
		};
/* End XCConfigurationList section */

/* Begin XCVersionGroup section */
		92A0EC0B1A56DA1F0051D74C /* Model.xcdatamodeld */ = {
			isa = XCVersionGroup;
			children = (
				92A0EC0E1A56DA630051D74C /* Model 2.xcdatamodel */,
				92A0EC0C1A56DA1F0051D74C /* Model.xcdatamodel */,
			);
			currentVersion = 92A0EC0E1A56DA630051D74C /* Model 2.xcdatamodel */;
			path = Model.xcdatamodeld;
			sourceTree = "<group>";
			versionGroupType = wrapper.xcdatamodel;
		};
/* End XCVersionGroup section */
	};
	rootObject = 9276F3811A1D289C0060E909 /* Project object */;
}
